PODS:
  - lottie-ios (4.2.0)
  - ReachabilitySwift (5.0.0)
  - RxCocoa (6.5.0):
    - RxRelay (= 6.5.0)
    - RxSwift (= 6.5.0)
  - RxRelay (6.5.0):
    - RxSwift (= 6.5.0)
  - RxSwift (6.5.0)
  - SDWebImage (5.16.0):
    - SDWebImage/Core (= 5.16.0)
  - SDWebImage/Core (5.16.0)

DEPENDENCIES:
  - lottie-ios
  - ReachabilitySwift
  - RxCocoa
  - RxSwift
  - SDWebImage

SPEC REPOS:
  https://github.com/CocoaPods/Specs.git:
    - lottie-ios
    - ReachabilitySwift
    - RxCocoa
    - RxRelay
    - RxSwift
    - SDWebImage

SPEC CHECKSUMS:
  lottie-ios: 809ecf2d460ed650a6aed7aa88b2ec45fab4779c
  ReachabilitySwift: 985039c6f7b23a1da463388634119492ff86c825
  RxCocoa: 94f817b71c07517321eb4f9ad299112ca8af743b
  RxRelay: 1de1523e604c72b6c68feadedd1af3b1b4d0ecbd
  RxSwift: 5710a9e6b17f3c3d6e40d6e559b9fa1e813b2ef8
  SDWebImage: 2aea163b50bfcb569a2726b6a754c54a4506fcf6

PODFILE CHECKSUM: f863f091d179e31ab179282da418ec23a0bb8ea4

COCOAPODS: 1.8.4
